// !$*UTF8*$!
{
	archiveVersion = 1;
	classes = {
	};
	objectVersion = 46;
	objects = {

/* Begin PBXBuildFile section */
		50CCB4281CA5C215002CFD1E /* AppDelegate.swift in Sources */ = {isa = PBXBuildFile; fileRef = 50CCB4271CA5C215002CFD1E /* AppDelegate.swift */; };
		50CCB42A1CA5C215002CFD1E /* GameScene.sks in Resources */ = {isa = PBXBuildFile; fileRef = 50CCB4291CA5C215002CFD1E /* GameScene.sks */; };
		50CCB42C1CA5C215002CFD1E /* GameScene.swift in Sources */ = {isa = PBXBuildFile; fileRef = 50CCB42B1CA5C215002CFD1E /* GameScene.swift */; };
		50CCB42E1CA5C215002CFD1E /* GameViewController.swift in Sources */ = {isa = PBXBuildFile; fileRef = 50CCB42D1CA5C215002CFD1E /* GameViewController.swift */; };
		50CCB4311CA5C215002CFD1E /* Main.storyboard in Resources */ = {isa = PBXBuildFile; fileRef = 50CCB42F1CA5C215002CFD1E /* Main.storyboard */; };
		50CCB4331CA5C215002CFD1E /* Assets.xcassets in Resources */ = {isa = PBXBuildFile; fileRef = 50CCB4321CA5C215002CFD1E /* Assets.xcassets */; };
		50CCB4361CA5C215002CFD1E /* LaunchScreen.storyboard in Resources */ = {isa = PBXBuildFile; fileRef = 50CCB4341CA5C215002CFD1E /* LaunchScreen.storyboard */; };
/* End PBXBuildFile section */

/* Begin PBXFileReference section */
		50CCB4241CA5C214002CFD1E /* c64controller.app */ = {isa = PBXFileReference; explicitFileType = wrapper.application; includeInIndex = 0; path = c64controller.app; sourceTree = BUILT_PRODUCTS_DIR; };
		50CCB4271CA5C215002CFD1E /* AppDelegate.swift */ = {isa = PBXFileReference; lastKnownFileType = sourcecode.swift; path = AppDelegate.swift; sourceTree = "<group>"; };
		50CCB4291CA5C215002CFD1E /* GameScene.sks */ = {isa = PBXFileReference; lastKnownFileType = file.sks; path = GameScene.sks; sourceTree = "<group>"; };
		50CCB42B1CA5C215002CFD1E /* GameScene.swift */ = {isa = PBXFileReference; lastKnownFileType = sourcecode.swift; path = GameScene.swift; sourceTree = "<group>"; };
		50CCB42D1CA5C215002CFD1E /* GameViewController.swift */ = {isa = PBXFileReference; lastKnownFileType = sourcecode.swift; path = GameViewController.swift; sourceTree = "<group>"; };
		50CCB4301CA5C215002CFD1E /* Base */ = {isa = PBXFileReference; lastKnownFileType = file.storyboard; name = Base; path = Base.lproj/Main.storyboard; sourceTree = "<group>"; };
		50CCB4321CA5C215002CFD1E /* Assets.xcassets */ = {isa = PBXFileReference; lastKnownFileType = folder.assetcatalog; path = Assets.xcassets; sourceTree = "<group>"; };
		50CCB4351CA5C215002CFD1E /* Base */ = {isa = PBXFileReference; lastKnownFileType = file.storyboard; name = Base; path = Base.lproj/LaunchScreen.storyboard; sourceTree = "<group>"; };
		50CCB4371CA5C215002CFD1E /* Info.plist */ = {isa = PBXFileReference; lastKnownFileType = text.plist.xml; path = Info.plist; sourceTree = "<group>"; };
/* End PBXFileReference section */

/* Begin PBXFrameworksBuildPhase section */
		50CCB4211CA5C214002CFD1E /* Frameworks */ = {
			isa = PBXFrameworksBuildPhase;
			buildActionMask = 2147483647;
			files = (
			);
			runOnlyForDeploymentPostprocessing = 0;
		};
/* End PBXFrameworksBuildPhase section */

/* Begin PBXGroup section */
		50CCB41B1CA5C214002CFD1E = {
			isa = PBXGroup;
			children = (
				50CCB4261CA5C215002CFD1E /* c64controller */,
				50CCB4251CA5C214002CFD1E /* Products */,
			);
			sourceTree = "<group>";
		};
		50CCB4251CA5C214002CFD1E /* Products */ = {
			isa = PBXGroup;
			children = (
				50CCB4241CA5C214002CFD1E /* c64controller.app */,
			);
			name = Products;
			sourceTree = "<group>";
		};
		50CCB4261CA5C215002CFD1E /* c64controller */ = {
			isa = PBXGroup;
			children = (
				50CCB4271CA5C215002CFD1E /* AppDelegate.swift */,
				50CCB4291CA5C215002CFD1E /* GameScene.sks */,
				50CCB42B1CA5C215002CFD1E /* GameScene.swift */,
				50CCB42D1CA5C215002CFD1E /* GameViewController.swift */,
				50CCB42F1CA5C215002CFD1E /* Main.storyboard */,
				50CCB4321CA5C215002CFD1E /* Assets.xcassets */,
				50CCB4341CA5C215002CFD1E /* LaunchScreen.storyboard */,
				50CCB4371CA5C215002CFD1E /* Info.plist */,
			);
			path = c64controller;
			sourceTree = "<group>";
		};
/* End PBXGroup section */

/* Begin PBXNativeTarget section */
		50CCB4231CA5C214002CFD1E /* c64controller */ = {
			isa = PBXNativeTarget;
			buildConfigurationList = 50CCB4501CA5C215002CFD1E /* Build configuration list for PBXNativeTarget "c64controller" */;
			buildPhases = (
				50CCB4201CA5C214002CFD1E /* Sources */,
				50CCB4211CA5C214002CFD1E /* Frameworks */,
				50CCB4221CA5C214002CFD1E /* Resources */,
			);
			buildRules = (
			);
			dependencies = (
			);
			name = c64controller;
			productName = c64controller;
			productReference = 50CCB4241CA5C214002CFD1E /* c64controller.app */;
			productType = "com.apple.product-type.application";
		};
/* End PBXNativeTarget section */

/* Begin PBXProject section */
		50CCB41C1CA5C214002CFD1E /* Project object */ = {
			isa = PBXProject;
			attributes = {
				LastSwiftUpdateCheck = 0730;
				LastUpgradeCheck = 0730;
				ORGANIZATIONNAME = "Ricardo Quesada";
				TargetAttributes = {
					50CCB4231CA5C214002CFD1E = {
						CreatedOnToolsVersion = 7.3;
					};
				};
			};
			buildConfigurationList = 50CCB41F1CA5C214002CFD1E /* Build configuration list for PBXProject "c64controller" */;
			compatibilityVersion = "Xcode 3.2";
			developmentRegion = English;
			hasScannedForEncodings = 0;
			knownRegions = (
				en,
				Base,
			);
			mainGroup = 50CCB41B1CA5C214002CFD1E;
			productRefGroup = 50CCB4251CA5C214002CFD1E /* Products */;
			projectDirPath = "";
			projectRoot = "";
			targets = (
				50CCB4231CA5C214002CFD1E /* c64controller */,
			);
		};
/* End PBXProject section */

/* Begin PBXResourcesBuildPhase section */
		50CCB4221CA5C214002CFD1E /* Resources */ = {
			isa = PBXResourcesBuildPhase;
			buildActionMask = 2147483647;
			files = (
				50CCB42A1CA5C215002CFD1E /* GameScene.sks in Resources */,
				50CCB4361CA5C215002CFD1E /* LaunchScreen.storyboard in Resources */,
				50CCB4331CA5C215002CFD1E /* Assets.xcassets in Resources */,
				50CCB4311CA5C215002CFD1E /* Main.storyboard in Resources */,
			);
			runOnlyForDeploymentPostprocessing = 0;
		};
/* End PBXResourcesBuildPhase section */

/* Begin PBXSourcesBuildPhase section */
		50CCB4201CA5C214002CFD1E /* Sources */ = {
			isa = PBXSourcesBuildPhase;
			buildActionMask = 2147483647;
			files = (
				50CCB42C1CA5C215002CFD1E /* GameScene.swift in Sources */,
				50CCB42E1CA5C215002CFD1E /* GameViewController.swift in Sources */,
				50CCB4281CA5C215002CFD1E /* AppDelegate.swift in Sources */,
			);
			runOnlyForDeploymentPostprocessing = 0;
		};
/* End PBXSourcesBuildPhase section */

/* Begin PBXVariantGroup section */
		50CCB42F1CA5C215002CFD1E /* Main.storyboard */ = {
			isa = PBXVariantGroup;
			children = (
				50CCB4301CA5C215002CFD1E /* Base */,
			);
			name = Main.storyboard;
			sourceTree = "<group>";
		};
		50CCB4341CA5C215002CFD1E /* LaunchScreen.storyboard */ = {
			isa = PBXVariantGroup;
			children = (
				50CCB4351CA5C215002CFD1E /* Base */,
			);
			name = LaunchScreen.storyboard;
			sourceTree = "<group>";
		};
/* End PBXVariantGroup section */

/* Begin XCBuildConfiguration section */
		50CCB44E1CA5C215002CFD1E /* Debug */ = {
			isa = XCBuildConfiguration;
			buildSettings = {
				ALWAYS_SEARCH_USER_PATHS = NO;
				CLANG_ANALYZER_NONNULL = YES;
				CLANG_CXX_LANGUAGE_STANDARD = "gnu++0x";
				CLANG_CXX_LIBRARY = "libc++";
				CLANG_ENABLE_MODULES = YES;
				CLANG_ENABLE_OBJC_ARC = YES;
				CLANG_WARN_BOOL_CONVERSION = YES;
				CLANG_WARN_CONSTANT_CONVERSION = YES;
				CLANG_WARN_DIRECT_OBJC_ISA_USAGE = YES_ERROR;
				CLANG_WARN_EMPTY_BODY = YES;
				CLANG_WARN_ENUM_CONVERSION = YES;
				CLANG_WARN_INT_CONVERSION = YES;
				CLANG_WARN_OBJC_ROOT_CLASS = YES_ERROR;
				CLANG_WARN_UNREACHABLE_CODE = YES;
				CLANG_WARN__DUPLICATE_METHOD_MATCH = YES;
				"CODE_SIGN_IDENTITY[sdk=iphoneos*]" = "iPhone Developer";
				COPY_PHASE_STRIP = NO;
				DEBUG_INFORMATION_FORMAT = "dwarf-with-dsym";
				ENABLE_STRICT_OBJC_MSGSEND = YES;
				ENABLE_TESTABILITY = YES;
				GCC_C_LANGUAGE_STANDARD = gnu99;
				GCC_DYNAMIC_NO_PIC = NO;
				GCC_NO_COMMON_BLOCKS = YES;
				GCC_OPTIMIZATION_LEVEL = 0;
				GCC_PREPROCESSOR_DEFINITIONS = (
					"DEBUG=1",
					"$(inherited)",
				);
				GCC_WARN_64_TO_32_BIT_CONVERSION = YES;
				GCC_WARN_ABOUT_RETURN_TYPE = YES_ERROR;
				GCC_WARN_UNDECLARED_SELECTOR = YES;
				GCC_WARN_UNINITIALIZED_AUTOS = YES_AGGRESSIVE;
				GCC_WARN_UNUSED_FUNCTION = YES;
				GCC_WARN_UNUSED_VARIABLE = YES;
				IPHONEOS_DEPLOYMENT_TARGET = 8.0;
				MTL_ENABLE_DEBUG_INFO = YES;
				ONLY_ACTIVE_ARCH = YES;
				SDKROOT = iphoneos;
				SWIFT_OPTIMIZATION_LEVEL = "-Onone";
				TARGETED_DEVICE_FAMILY = "1,2";
			};
			name = Debug;
		};
		50CCB44F1CA5C215002CFD1E /* Release */ = {
			isa = XCBuildConfiguration;
			buildSettings = {
				ALWAYS_SEARCH_USER_PATHS = NO;
				CLANG_ANALYZER_NONNULL = YES;
				CLANG_CXX_LANGUAGE_STANDARD = "gnu++0x";
				CLANG_CXX_LIBRARY = "libc++";
				CLANG_ENABLE_MODULES = YES;
				CLANG_ENABLE_OBJC_ARC = YES;
				CLANG_WARN_BOOL_CONVERSION = YES;
				CLANG_WARN_CONSTANT_CONVERSION = YES;
				CLANG_WARN_DIRECT_OBJC_ISA_USAGE = YES_ERROR;
				CLANG_WARN_EMPTY_BODY = YES;
				CLANG_WARN_ENUM_CONVERSION = YES;
				CLANG_WARN_INT_CONVERSION = YES;
				CLANG_WARN_OBJC_ROOT_CLASS = YES_ERROR;
				CLANG_WARN_UNREACHABLE_CODE = YES;
				CLANG_WARN__DUPLICATE_METHOD_MATCH = YES;
				"CODE_SIGN_IDENTITY[sdk=iphoneos*]" = "iPhone Developer";
				COPY_PHASE_STRIP = NO;
				DEBUG_INFORMATION_FORMAT = "dwarf-with-dsym";
				ENABLE_NS_ASSERTIONS = NO;
				ENABLE_STRICT_OBJC_MSGSEND = YES;
				GCC_C_LANGUAGE_STANDARD = gnu99;
				GCC_NO_COMMON_BLOCKS = YES;
				GCC_WARN_64_TO_32_BIT_CONVERSION = YES;
				GCC_WARN_ABOUT_RETURN_TYPE = YES_ERROR;
				GCC_WARN_UNDECLARED_SELECTOR = YES;
				GCC_WARN_UNINITIALIZED_AUTOS = YES_AGGRESSIVE;
				GCC_WARN_UNUSED_FUNCTION = YES;
				GCC_WARN_UNUSED_VARIABLE = YES;
				IPHONEOS_DEPLOYMENT_TARGET = 8.0;
				MTL_ENABLE_DEBUG_INFO = NO;
				SDKROOT = iphoneos;
				TARGETED_DEVICE_FAMILY = "1,2";
				VALIDATE_PRODUCT = YES;
			};
			name = Release;
		};
		50CCB4511CA5C215002CFD1E /* Debug */ = {
			isa = XCBuildConfiguration;
			buildSettings = {
				ASSETCATALOG_COMPILER_APPICON_NAME = AppIcon;
				INFOPLIST_FILE = c64controller/Info.plist;
				IPHONEOS_DEPLOYMENT_TARGET = 8.0;
				LD_RUNPATH_SEARCH_PATHS = "$(inherited) @executable_path/Frameworks";
				PRODUCT_BUNDLE_IDENTIFIER = retro.moe.c64controller;
				PRODUCT_NAME = "$(TARGET_NAME)";
				TARGETED_DEVICE_FAMILY = 1;
			};
			name = Debug;
		};
		50CCB4521CA5C215002CFD1E /* Release */ = {
			isa = XCBuildConfiguration;
			buildSettings = {
				ASSETCATALOG_COMPILER_APPICON_NAME = AppIcon;
				INFOPLIST_FILE = c64controller/Info.plist;
				IPHONEOS_DEPLOYMENT_TARGET = 8.0;
				LD_RUNPATH_SEARCH_PATHS = "$(inherited) @executable_path/Frameworks";
				PRODUCT_BUNDLE_IDENTIFIER = retro.moe.c64controller;
				PRODUCT_NAME = "$(TARGET_NAME)";
				TARGETED_DEVICE_FAMILY = 1;
			};
			name = Release;
		};
/* End XCBuildConfiguration section */

/* Begin XCConfigurationList section */
		50CCB41F1CA5C214002CFD1E /* Build configuration list for PBXProject "c64controller" */ = {
			isa = XCConfigurationList;
			buildConfigurations = (
				50CCB44E1CA5C215002CFD1E /* Debug */,
				50CCB44F1CA5C215002CFD1E /* Release */,
			);
			defaultConfigurationIsVisible = 0;
			defaultConfigurationName = Release;
		};
		50CCB4501CA5C215002CFD1E /* Build configuration list for PBXNativeTarget "c64controller" */ = {
			isa = XCConfigurationList;
			buildConfigurations = (
				50CCB4511CA5C215002CFD1E /* Debug */,
				50CCB4521CA5C215002CFD1E /* Release */,
			);
			defaultConfigurationIsVisible = 0;
			defaultConfigurationName = Release;
		};
/* End XCConfigurationList section */
	};
	rootObject = 50CCB41C1CA5C214002CFD1E /* Project object */;
}
